
Microsoft Visual Studio Solution File, Format Version 12.00
# Visual Studio Version 16
VisualStudioVersion = 16.0.31129.286
MinimumVisualStudioVersion = 10.0.40219.1
Project("{9A19103F-16F7-4668-BE54-9A1E7A4F7556}") = "ApplicationCore", "src\ApplicationCore\ApplicationCore.csproj", "{A0722654-FBD5-4D04-A1AC-0ECC162340A6}"
EndProject
Project("{9A19103F-16F7-4668-BE54-9A1E7A4F7556}") = "Infrastructure", "src\Infrastructure\Infrastructure.csproj", "{E532DEDB-9F86-4DEE-B0F5-ED07AA9C229F}"
EndProject
Project("{9A19103F-16F7-4668-BE54-9A1E7A4F7556}") = "Web", "src\Web\Web.csproj", "{C62BE3A5-B285-487C-BDC5-84A07C9B9A60}"
EndProject
Global
	GlobalSection(SolutionConfigurationPlatforms) = preSolution
		Debug|Any CPU = Debug|Any CPU
		Release|Any CPU = Release|Any CPU
	EndGlobalSection
	GlobalSection(ProjectConfigurationPlatforms) = postSolution
		{A0722654-FBD5-4D04-A1AC-0ECC162340A6}.Debug|Any CPU.ActiveCfg = Debug|Any CPU
		{A0722654-FBD5-4D04-A1AC-0ECC162340A6}.Debug|Any CPU.Build.0 = Debug|Any CPU
		{A0722654-FBD5-4D04-A1AC-0ECC162340A6}.Release|Any CPU.ActiveCfg = Release|Any CPU
		{A0722654-FBD5-4D04-A1AC-0ECC162340A6}.Release|Any CPU.Build.0 = Release|Any CPU
		{E532DEDB-9F86-4DEE-B0F5-ED07AA9C229F}.Debug|Any CPU.ActiveCfg = Debug|Any CPU
		{E532DEDB-9F86-4DEE-B0F5-ED07AA9C229F}.Debug|Any CPU.Build.0 = Debug|Any CPU
		{E532DEDB-9F86-4DEE-B0F5-ED07AA9C229F}.Release|Any CPU.ActiveCfg = Release|Any CPU
		{E532DEDB-9F86-4DEE-B0F5-ED07AA9C229F}.Release|Any CPU.Build.0 = Release|Any CPU
		{C62BE3A5-B285-487C-BDC5-84A07C9B9A60}.Debug|Any CPU.ActiveCfg = Debug|Any CPU
		{C62BE3A5-B285-487C-BDC5-84A07C9B9A60}.Debug|Any CPU.Build.0 = Debug|Any CPU
		{C62BE3A5-B285-487C-BDC5-84A07C9B9A60}.Release|Any CPU.ActiveCfg = Release|Any CPU
		{C62BE3A5-B285-487C-BDC5-84A07C9B9A60}.Release|Any CPU.Build.0 = Release|Any CPU
	EndGlobalSection
	GlobalSection(SolutionProperties) = preSolution
		HideSolutionNode = FALSE
	EndGlobalSection
	GlobalSection(ExtensibilityGlobals) = postSolution
		SolutionGuid = {ECCD72D0-68F0-460C-8BC7-DCA6DB9BF3C4}
	EndGlobalSection
EndGlobal
